
Microsoft Visual Studio Solution File, Format Version 12.00
# Visual Studio Version 18
VisualStudioVersion = 18.2.11408.102
MinimumVisualStudioVersion = 10.0.40219.1
Project("{FAE04EC0-301F-11D3-BF4B-00C04F79EFBC}") = "PicApp2", "PicApp2.csproj", "{6B6D8BAB-8B89-4666-98FF-DB16E54CFE73}"
EndProject
Project("{FAE04EC0-301F-11D3-BF4B-00C04F79EFBC}") = "PicApp1", "..\PicApp1\PicApp1.csproj", "{D0BE6B93-7634-4FE0-A8C5-30974F324B44}"
EndProject
Project("{FAE04EC0-301F-11D3-BF4B-00C04F79EFBC}") = "Button_App1", "..\..\2026_01_30\Button_App1\Button_App1.csproj", "{C0B771AD-D02D-4E80-AD0A-D1839C987C0F}"
EndProject
Project("{FAE04EC0-301F-11D3-BF4B-00C04F79EFBC}") = "Multi_EventHandler", "..\..\2026_01_30\Multi_EventHandler\Multi_EventHandler.csproj", "{3178A0AC-B4BA-4A11-A3A2-3851CBD2C2FB}"
EndProject
Project("{FAE04EC0-301F-11D3-BF4B-00C04F79EFBC}") = "Practice", "..\..\2026_01_30\Practice\Practice.csproj", "{6A9C397E-A4F2-4FB7-A47C-9AB9B86D2EFB}"
EndProject
Project("{FAE04EC0-301F-11D3-BF4B-00C04F79EFBC}") = "TestBox_App1", "..\..\2026_01_30\TestBox_App1\TestBox_App1.csproj", "{C2558447-3581-4560-95BC-7A2233004CFC}"
EndProject
Project("{FAE04EC0-301F-11D3-BF4B-00C04F79EFBC}") = "TextBox_App2", "..\..\2026_01_30\TextBox_App2\TextBox_App2.csproj", "{F407E06E-1F0D-4965-9EE6-2F1F6845C729}"
EndProject
Project("{FAE04EC0-301F-11D3-BF4B-00C04F79EFBC}") = "WFAppFirst", "..\..\2026_01_30\WFAppFirst\WFAppFirst.csproj", "{E9911BCA-42D2-4B53-8BCE-82734BD5481A}"
EndProject
Project("{FAE04EC0-301F-11D3-BF4B-00C04F79EFBC}") = "CheckBox_Sample", "..\..\2026_01_29\CheckBox_Sample\CheckBox_Sample.csproj", "{8B3C0AD7-7B48-4C08-85B1-DE7789EC0598}"
EndProject
Project("{FAE04EC0-301F-11D3-BF4B-00C04F79EFBC}") = "CheckedChanged", "..\..\2026_01_29\CheckedChanged\CheckedChanged.csproj", "{C3083686-B42D-4D6D-8B4B-BA408FA4CEC3}"
EndProject
Project("{FAE04EC0-301F-11D3-BF4B-00C04F79EFBC}") = "ComboBox_App", "..\..\2026_01_29\ComboBox_App\ComboBox_App.csproj", "{DA94864B-6724-4AE6-A509-FA82F4D90A5B}"
EndProject
Project("{FAE04EC0-301F-11D3-BF4B-00C04F79EFBC}") = "ComboBox_App_2", "..\..\2026_01_29\ComboBox_App_2\ComboBox_App_2.csproj", "{AC61B3D9-C16F-4C1E-8722-95261B9F517D}"
EndProject
Project("{FAE04EC0-301F-11D3-BF4B-00C04F79EFBC}") = "ListBox_App", "..\..\2026_01_29\ListBox_App\ListBox_App.csproj", "{EA72BAF7-C1F4-437C-819A-C7338400EFFA}"
EndProject
Project("{FAE04EC0-301F-11D3-BF4B-00C04F79EFBC}") = "MessageBoxApp", "..\..\2026_01_29\MessageBoxApp\MessageBoxApp.csproj", "{5915EAEE-1C98-4E3E-9215-6363EA1DB08F}"
EndProject
Project("{FAE04EC0-301F-11D3-BF4B-00C04F79EFBC}") = "RadioButton_App", "..\..\2026_01_29\RadioButton_App\RadioButton_App.csproj", "{59BD2942-19DC-498A-BCDB-4CDA84277777}"
EndProject
Project("{FAE04EC0-301F-11D3-BF4B-00C04F79EFBC}") = "TypeGame", "..\..\2026_01_29\TypeGame\TypeGame.csproj", "{451BFE44-C2BF-4335-88E4-9C9D78FF9DFE}"
EndProject
Project("{FAE04EC0-301F-11D3-BF4B-00C04F79EFBC}") = "ProgressBarApp1", "..\ProgressBarApp1\ProgressBarApp1.csproj", "{45849064-8108-4C9F-8778-84F4DCDAF396}"
EndProject
Project("{FAE04EC0-301F-11D3-BF4B-00C04F79EFBC}") = "TimerApp1", "..\TimerApp1\TimerApp1.csproj", "{17BA6851-F4D4-4A86-AB5D-1EE384F5D506}"
EndProject
Project("{FAE04EC0-301F-11D3-BF4B-00C04F79EFBC}") = "DateTimeSpanApp1", "..\DateTimeSpanApp1\DateTimeSpanApp1.csproj", "{CED26972-7E9E-4BBB-AEAD-0026FA641232}"
EndProject
Project("{FAE04EC0-301F-11D3-BF4B-00C04F79EFBC}") = "ReservationApp", "..\ReservationApp\ReservationApp.csproj", "{0976D936-BC86-46D8-A294-3BC1F6184D10}"
EndProject
Project("{FAE04EC0-301F-11D3-BF4B-00C04F79EFBC}") = "AppleGameCS", "..\AppleGameCS\AppleGameCS.csproj", "{E5BFACDE-E8F4-4201-A372-E718405E1D8E}"
EndProject
Project("{FAE04EC0-301F-11D3-BF4B-00C04F79EFBC}") = "ClassConsoleApp", "..\ClassConsoleApp\ClassConsoleApp.csproj", "{2C3E9354-F7F9-46DA-AB80-4607A12CFB31}"
EndProject
Project("{FAE04EC0-301F-11D3-BF4B-00C04F79EFBC}") = "CalculatorApp1", "..\CalculatorApp1\CalculatorApp1.csproj", "{C03253A2-3601-4D94-A51D-A475539CD371}"
EndProject
Project("{FAE04EC0-301F-11D3-BF4B-00C04F79EFBC}") = "PersonApp1", "..\PersonApp1\PersonApp1.csproj", "{319F034A-4B12-48B9-93A8-99AD8DCFDB17}"
EndProject
Project("{FAE04EC0-301F-11D3-BF4B-00C04F79EFBC}") = "PersonApp2", "..\..\2026_02_03\PersonApp2\PersonApp2.csproj", "{73B495F3-7E4B-42FF-83F7-C50DDB535CA7}"
EndProject
Project("{FAE04EC0-301F-11D3-BF4B-00C04F79EFBC}") = "PersonApp3", "..\..\2026_02_03\PersonApp3\PersonApp3.csproj", "{F051079D-F344-425F-939D-A49D28AB71F9}"
EndProject
Project("{FAE04EC0-301F-11D3-BF4B-00C04F79EFBC}") = "GetAreaApp1", "..\..\2026_02_03\GetAreaApp1\GetAreaApp1.csproj", "{5961EE94-8EA7-44FE-95D2-C166BEFD677E}"
EndProject
Project("{FAE04EC0-301F-11D3-BF4B-00C04F79EFBC}") = "RegistrationApp", "..\..\2026_02_03\RegistrationApp\RegistrationApp.csproj", "{9A0B505D-8BD9-424F-A360-182AC101CF76}"
EndProject
Project("{FAE04EC0-301F-11D3-BF4B-00C04F79EFBC}") = "ArrayApp1", "..\..\2026_02_03\ArrayApp1\ArrayApp1.csproj", "{3ABB7289-D66A-462C-ACDA-167D3174CC1B}"
EndProject
Project("{FAE04EC0-301F-11D3-BF4B-00C04F79EFBC}") = "ListApp1", "..\ListApp1\ListApp1.csproj", "{0B4D65F6-0E6C-48D3-9894-45D27B16FE01}"
EndProject
Project("{FAE04EC0-301F-11D3-BF4B-00C04F79EFBC}") = "DictionaryApp1", "..\..\2026_02_03\DictionaryApp1\DictionaryApp1.csproj", "{2ADAE4CE-EC5F-4E72-A7D5-8FED1196C835}"
EndProject
Project("{FAE04EC0-301F-11D3-BF4B-00C04F79EFBC}") = "DictionaryApp2", "..\..\2026_02_03\DictionaryApp2\DictionaryApp2.csproj", "{CAD81D0B-EF11-44FD-9AF5-96926DBAC906}"
EndProject
Project("{FAE04EC0-301F-11D3-BF4B-00C04F79EFBC}") = "WordQuizApp1", "..\..\2026_02_03\WordQuizApp1\WordQuizApp1\WordQuizApp1.csproj", "{EB58D649-9204-4CA6-A779-9929EBF7275D}"
EndProject
Project("{FAE04EC0-301F-11D3-BF4B-00C04F79EFBC}") = "FoodDictionaryApp1", "..\..\2026_02_03\FoodDictionaryApp1\FoodDictionaryApp1.csproj", "{40584E29-17B9-49C3-BCC6-AB1BE01DBE8D}"
EndProject
Project("{FAE04EC0-301F-11D3-BF4B-00C04F79EFBC}") = "ExApp1", "..\..\2026_02_04\ExApp1\ExApp1.csproj", "{2FE2207D-92AF-4BF2-85F7-724BE6AEC9B9}"
EndProject
Project("{FAE04EC0-301F-11D3-BF4B-00C04F79EFBC}") = "ListForeachApp1", "..\..\2026_02_04\ListForeachApp1\ListForeachApp1.csproj", "{3521C15F-4D06-4EDD-BD07-1B1442F4F1D5}"
EndProject
Project("{FAE04EC0-301F-11D3-BF4B-00C04F79EFBC}") = "DictionaryExApp1", "..\..\2026_02_04\DictionaryExApp1\DictionaryExApp1.csproj", "{EB01E024-E373-4564-82F6-45B2B95B93F0}"
EndProject
Global
	GlobalSection(SolutionConfigurationPlatforms) = preSolution
		Debug|Any CPU = Debug|Any CPU
		Release|Any CPU = Release|Any CPU
	EndGlobalSection
	GlobalSection(ProjectConfigurationPlatforms) = postSolution
		{6B6D8BAB-8B89-4666-98FF-DB16E54CFE73}.Debug|Any CPU.ActiveCfg = Debug|Any CPU
		{6B6D8BAB-8B89-4666-98FF-DB16E54CFE73}.Debug|Any CPU.Build.0 = Debug|Any CPU
		{6B6D8BAB-8B89-4666-98FF-DB16E54CFE73}.Release|Any CPU.ActiveCfg = Release|Any CPU
		{6B6D8BAB-8B89-4666-98FF-DB16E54CFE73}.Release|Any CPU.Build.0 = Release|Any CPU
		{D0BE6B93-7634-4FE0-A8C5-30974F324B44}.Debug|Any CPU.ActiveCfg = Debug|Any CPU
		{D0BE6B93-7634-4FE0-A8C5-30974F324B44}.Debug|Any CPU.Build.0 = Debug|Any CPU
		{D0BE6B93-7634-4FE0-A8C5-30974F324B44}.Release|Any CPU.ActiveCfg = Release|Any CPU
		{D0BE6B93-7634-4FE0-A8C5-30974F324B44}.Release|Any CPU.Build.0 = Release|Any CPU
		{C0B771AD-D02D-4E80-AD0A-D1839C987C0F}.Debug|Any CPU.ActiveCfg = Debug|Any CPU
		{C0B771AD-D02D-4E80-AD0A-D1839C987C0F}.Debug|Any CPU.Build.0 = Debug|Any CPU
		{C0B771AD-D02D-4E80-AD0A-D1839C987C0F}.Release|Any CPU.ActiveCfg = Release|Any CPU
		{C0B771AD-D02D-4E80-AD0A-D1839C987C0F}.Release|Any CPU.Build.0 = Release|Any CPU
		{3178A0AC-B4BA-4A11-A3A2-3851CBD2C2FB}.Debug|Any CPU.ActiveCfg = Debug|Any CPU
		{3178A0AC-B4BA-4A11-A3A2-3851CBD2C2FB}.Debug|Any CPU.Build.0 = Debug|Any CPU
		{3178A0AC-B4BA-4A11-A3A2-3851CBD2C2FB}.Release|Any CPU.ActiveCfg = Release|Any CPU
		{3178A0AC-B4BA-4A11-A3A2-3851CBD2C2FB}.Release|Any CPU.Build.0 = Release|Any CPU
		{6A9C397E-A4F2-4FB7-A47C-9AB9B86D2EFB}.Debug|Any CPU.ActiveCfg = Debug|Any CPU
		{6A9C397E-A4F2-4FB7-A47C-9AB9B86D2EFB}.Debug|Any CPU.Build.0 = Debug|Any CPU
		{6A9C397E-A4F2-4FB7-A47C-9AB9B86D2EFB}.Release|Any CPU.ActiveCfg = Release|Any CPU
		{6A9C397E-A4F2-4FB7-A47C-9AB9B86D2EFB}.Release|Any CPU.Build.0 = Release|Any CPU
		{C2558447-3581-4560-95BC-7A2233004CFC}.Debug|Any CPU.ActiveCfg = Debug|Any CPU
		{C2558447-3581-4560-95BC-7A2233004CFC}.Debug|Any CPU.Build.0 = Debug|Any CPU
		{C2558447-3581-4560-95BC-7A2233004CFC}.Release|Any CPU.ActiveCfg = Release|Any CPU
		{C2558447-3581-4560-95BC-7A2233004CFC}.Release|Any CPU.Build.0 = Release|Any CPU
		{F407E06E-1F0D-4965-9EE6-2F1F6845C729}.Debug|Any CPU.ActiveCfg = Debug|Any CPU
		{F407E06E-1F0D-4965-9EE6-2F1F6845C729}.Debug|Any CPU.Build.0 = Debug|Any CPU
		{F407E06E-1F0D-4965-9EE6-2F1F6845C729}.Release|Any CPU.ActiveCfg = Release|Any CPU
		{F407E06E-1F0D-4965-9EE6-2F1F6845C729}.Release|Any CPU.Build.0 = Release|Any CPU
		{E9911BCA-42D2-4B53-8BCE-82734BD5481A}.Debug|Any CPU.ActiveCfg = Debug|Any CPU
		{E9911BCA-42D2-4B53-8BCE-82734BD5481A}.Debug|Any CPU.Build.0 = Debug|Any CPU
		{E9911BCA-42D2-4B53-8BCE-82734BD5481A}.Release|Any CPU.ActiveCfg = Release|Any CPU
		{E9911BCA-42D2-4B53-8BCE-82734BD5481A}.Release|Any CPU.Build.0 = Release|Any CPU
		{8B3C0AD7-7B48-4C08-85B1-DE7789EC0598}.Debug|Any CPU.ActiveCfg = Debug|Any CPU
		{8B3C0AD7-7B48-4C08-85B1-DE7789EC0598}.Debug|Any CPU.Build.0 = Debug|Any CPU
		{8B3C0AD7-7B48-4C08-85B1-DE7789EC0598}.Release|Any CPU.ActiveCfg = Release|Any CPU
		{8B3C0AD7-7B48-4C08-85B1-DE7789EC0598}.Release|Any CPU.Build.0 = Release|Any CPU
		{C3083686-B42D-4D6D-8B4B-BA408FA4CEC3}.Debug|Any CPU.ActiveCfg = Debug|Any CPU
		{C3083686-B42D-4D6D-8B4B-BA408FA4CEC3}.Debug|Any CPU.Build.0 = Debug|Any CPU
		{C3083686-B42D-4D6D-8B4B-BA408FA4CEC3}.Release|Any CPU.ActiveCfg = Release|Any CPU
		{C3083686-B42D-4D6D-8B4B-BA408FA4CEC3}.Release|Any CPU.Build.0 = Release|Any CPU
		{DA94864B-6724-4AE6-A509-FA82F4D90A5B}.Debug|Any CPU.ActiveCfg = Debug|Any CPU
		{DA94864B-6724-4AE6-A509-FA82F4D90A5B}.Debug|Any CPU.Build.0 = Debug|Any CPU
		{DA94864B-6724-4AE6-A509-FA82F4D90A5B}.Release|Any CPU.ActiveCfg = Release|Any CPU
		{DA94864B-6724-4AE6-A509-FA82F4D90A5B}.Release|Any CPU.Build.0 = Release|Any CPU
		{AC61B3D9-C16F-4C1E-8722-95261B9F517D}.Debug|Any CPU.ActiveCfg = Debug|Any CPU
		{AC61B3D9-C16F-4C1E-8722-95261B9F517D}.Debug|Any CPU.Build.0 = Debug|Any CPU
		{AC61B3D9-C16F-4C1E-8722-95261B9F517D}.Release|Any CPU.ActiveCfg = Release|Any CPU
		{AC61B3D9-C16F-4C1E-8722-95261B9F517D}.Release|Any CPU.Build.0 = Release|Any CPU
		{EA72BAF7-C1F4-437C-819A-C7338400EFFA}.Debug|Any CPU.ActiveCfg = Debug|Any CPU
		{EA72BAF7-C1F4-437C-819A-C7338400EFFA}.Debug|Any CPU.Build.0 = Debug|Any CPU
		{EA72BAF7-C1F4-437C-819A-C7338400EFFA}.Release|Any CPU.ActiveCfg = Release|Any CPU
		{EA72BAF7-C1F4-437C-819A-C7338400EFFA}.Release|Any CPU.Build.0 = Release|Any CPU
		{5915EAEE-1C98-4E3E-9215-6363EA1DB08F}.Debug|Any CPU.ActiveCfg = Debug|Any CPU
		{5915EAEE-1C98-4E3E-9215-6363EA1DB08F}.Debug|Any CPU.Build.0 = Debug|Any CPU
		{5915EAEE-1C98-4E3E-9215-6363EA1DB08F}.Release|Any CPU.ActiveCfg = Release|Any CPU
		{5915EAEE-1C98-4E3E-9215-6363EA1DB08F}.Release|Any CPU.Build.0 = Release|Any CPU
		{59BD2942-19DC-498A-BCDB-4CDA84277777}.Debug|Any CPU.ActiveCfg = Debug|Any CPU
		{59BD2942-19DC-498A-BCDB-4CDA84277777}.Debug|Any CPU.Build.0 = Debug|Any CPU
		{59BD2942-19DC-498A-BCDB-4CDA84277777}.Release|Any CPU.ActiveCfg = Release|Any CPU
		{59BD2942-19DC-498A-BCDB-4CDA84277777}.Release|Any CPU.Build.0 = Release|Any CPU
		{451BFE44-C2BF-4335-88E4-9C9D78FF9DFE}.Debug|Any CPU.ActiveCfg = Debug|Any CPU
		{451BFE44-C2BF-4335-88E4-9C9D78FF9DFE}.Debug|Any CPU.Build.0 = Debug|Any CPU
		{451BFE44-C2BF-4335-88E4-9C9D78FF9DFE}.Release|Any CPU.ActiveCfg = Release|Any CPU
		{451BFE44-C2BF-4335-88E4-9C9D78FF9DFE}.Release|Any CPU.Build.0 = Release|Any CPU
		{45849064-8108-4C9F-8778-84F4DCDAF396}.Debug|Any CPU.ActiveCfg = Debug|Any CPU
		{45849064-8108-4C9F-8778-84F4DCDAF396}.Debug|Any CPU.Build.0 = Debug|Any CPU
		{45849064-8108-4C9F-8778-84F4DCDAF396}.Release|Any CPU.ActiveCfg = Release|Any CPU
		{45849064-8108-4C9F-8778-84F4DCDAF396}.Release|Any CPU.Build.0 = Release|Any CPU
		{17BA6851-F4D4-4A86-AB5D-1EE384F5D506}.Debug|Any CPU.ActiveCfg = Debug|Any CPU
		{17BA6851-F4D4-4A86-AB5D-1EE384F5D506}.Debug|Any CPU.Build.0 = Debug|Any CPU
		{17BA6851-F4D4-4A86-AB5D-1EE384F5D506}.Release|Any CPU.ActiveCfg = Release|Any CPU
		{17BA6851-F4D4-4A86-AB5D-1EE384F5D506}.Release|Any CPU.Build.0 = Release|Any CPU
		{CED26972-7E9E-4BBB-AEAD-0026FA641232}.Debug|Any CPU.ActiveCfg = Debug|Any CPU
		{CED26972-7E9E-4BBB-AEAD-0026FA641232}.Debug|Any CPU.Build.0 = Debug|Any CPU
		{CED26972-7E9E-4BBB-AEAD-0026FA641232}.Release|Any CPU.ActiveCfg = Release|Any CPU
		{CED26972-7E9E-4BBB-AEAD-0026FA641232}.Release|Any CPU.Build.0 = Release|Any CPU
		{0976D936-BC86-46D8-A294-3BC1F6184D10}.Debug|Any CPU.ActiveCfg = Debug|Any CPU
		{0976D936-BC86-46D8-A294-3BC1F6184D10}.Debug|Any CPU.Build.0 = Debug|Any CPU
		{0976D936-BC86-46D8-A294-3BC1F6184D10}.Release|Any CPU.ActiveCfg = Release|Any CPU
		{0976D936-BC86-46D8-A294-3BC1F6184D10}.Release|Any CPU.Build.0 = Release|Any CPU
		{E5BFACDE-E8F4-4201-A372-E718405E1D8E}.Debug|Any CPU.ActiveCfg = Debug|Any CPU
		{E5BFACDE-E8F4-4201-A372-E718405E1D8E}.Debug|Any CPU.Build.0 = Debug|Any CPU
		{E5BFACDE-E8F4-4201-A372-E718405E1D8E}.Release|Any CPU.ActiveCfg = Release|Any CPU
		{E5BFACDE-E8F4-4201-A372-E718405E1D8E}.Release|Any CPU.Build.0 = Release|Any CPU
		{2C3E9354-F7F9-46DA-AB80-4607A12CFB31}.Debug|Any CPU.ActiveCfg = Debug|Any CPU
		{2C3E9354-F7F9-46DA-AB80-4607A12CFB31}.Debug|Any CPU.Build.0 = Debug|Any CPU
		{2C3E9354-F7F9-46DA-AB80-4607A12CFB31}.Release|Any CPU.ActiveCfg = Release|Any CPU
		{2C3E9354-F7F9-46DA-AB80-4607A12CFB31}.Release|Any CPU.Build.0 = Release|Any CPU
		{C03253A2-3601-4D94-A51D-A475539CD371}.Debug|Any CPU.ActiveCfg = Debug|Any CPU
		{C03253A2-3601-4D94-A51D-A475539CD371}.Debug|Any CPU.Build.0 = Debug|Any CPU
		{C03253A2-3601-4D94-A51D-A475539CD371}.Release|Any CPU.ActiveCfg = Release|Any CPU
		{C03253A2-3601-4D94-A51D-A475539CD371}.Release|Any CPU.Build.0 = Release|Any CPU
		{319F034A-4B12-48B9-93A8-99AD8DCFDB17}.Debug|Any CPU.ActiveCfg = Debug|Any CPU
		{319F034A-4B12-48B9-93A8-99AD8DCFDB17}.Debug|Any CPU.Build.0 = Debug|Any CPU
		{319F034A-4B12-48B9-93A8-99AD8DCFDB17}.Release|Any CPU.ActiveCfg = Release|Any CPU
		{319F034A-4B12-48B9-93A8-99AD8DCFDB17}.Release|Any CPU.Build.0 = Release|Any CPU
		{73B495F3-7E4B-42FF-83F7-C50DDB535CA7}.Debug|Any CPU.ActiveCfg = Debug|Any CPU
		{73B495F3-7E4B-42FF-83F7-C50DDB535CA7}.Debug|Any CPU.Build.0 = Debug|Any CPU
		{73B495F3-7E4B-42FF-83F7-C50DDB535CA7}.Release|Any CPU.ActiveCfg = Release|Any CPU
		{73B495F3-7E4B-42FF-83F7-C50DDB535CA7}.Release|Any CPU.Build.0 = Release|Any CPU
		{F051079D-F344-425F-939D-A49D28AB71F9}.Debug|Any CPU.ActiveCfg = Debug|Any CPU
		{F051079D-F344-425F-939D-A49D28AB71F9}.Debug|Any CPU.Build.0 = Debug|Any CPU
		{F051079D-F344-425F-939D-A49D28AB71F9}.Release|Any CPU.ActiveCfg = Release|Any CPU
		{F051079D-F344-425F-939D-A49D28AB71F9}.Release|Any CPU.Build.0 = Release|Any CPU
		{5961EE94-8EA7-44FE-95D2-C166BEFD677E}.Debug|Any CPU.ActiveCfg = Debug|Any CPU
		{5961EE94-8EA7-44FE-95D2-C166BEFD677E}.Debug|Any CPU.Build.0 = Debug|Any CPU
		{5961EE94-8EA7-44FE-95D2-C166BEFD677E}.Release|Any CPU.ActiveCfg = Release|Any CPU
		{5961EE94-8EA7-44FE-95D2-C166BEFD677E}.Release|Any CPU.Build.0 = Release|Any CPU
		{9A0B505D-8BD9-424F-A360-182AC101CF76}.Debug|Any CPU.ActiveCfg = Debug|Any CPU
		{9A0B505D-8BD9-424F-A360-182AC101CF76}.Debug|Any CPU.Build.0 = Debug|Any CPU
		{9A0B505D-8BD9-424F-A360-182AC101CF76}.Release|Any CPU.ActiveCfg = Release|Any CPU
		{9A0B505D-8BD9-424F-A360-182AC101CF76}.Release|Any CPU.Build.0 = Release|Any CPU
		{3ABB7289-D66A-462C-ACDA-167D3174CC1B}.Debug|Any CPU.ActiveCfg = Debug|Any CPU
		{3ABB7289-D66A-462C-ACDA-167D3174CC1B}.Debug|Any CPU.Build.0 = Debug|Any CPU
		{3ABB7289-D66A-462C-ACDA-167D3174CC1B}.Release|Any CPU.ActiveCfg = Release|Any CPU
		{3ABB7289-D66A-462C-ACDA-167D3174CC1B}.Release|Any CPU.Build.0 = Release|Any CPU
		{0B4D65F6-0E6C-48D3-9894-45D27B16FE01}.Debug|Any CPU.ActiveCfg = Debug|Any CPU
		{0B4D65F6-0E6C-48D3-9894-45D27B16FE01}.Debug|Any CPU.Build.0 = Debug|Any CPU
		{0B4D65F6-0E6C-48D3-9894-45D27B16FE01}.Release|Any CPU.ActiveCfg = Release|Any CPU
		{0B4D65F6-0E6C-48D3-9894-45D27B16FE01}.Release|Any CPU.Build.0 = Release|Any CPU
		{2ADAE4CE-EC5F-4E72-A7D5-8FED1196C835}.Debug|Any CPU.ActiveCfg = Debug|Any CPU
		{2ADAE4CE-EC5F-4E72-A7D5-8FED1196C835}.Debug|Any CPU.Build.0 = Debug|Any CPU
		{2ADAE4CE-EC5F-4E72-A7D5-8FED1196C835}.Release|Any CPU.ActiveCfg = Release|Any CPU
		{2ADAE4CE-EC5F-4E72-A7D5-8FED1196C835}.Release|Any CPU.Build.0 = Release|Any CPU
		{CAD81D0B-EF11-44FD-9AF5-96926DBAC906}.Debug|Any CPU.ActiveCfg = Debug|Any CPU
		{CAD81D0B-EF11-44FD-9AF5-96926DBAC906}.Debug|Any CPU.Build.0 = Debug|Any CPU
		{CAD81D0B-EF11-44FD-9AF5-96926DBAC906}.Release|Any CPU.ActiveCfg = Release|Any CPU
		{CAD81D0B-EF11-44FD-9AF5-96926DBAC906}.Release|Any CPU.Build.0 = Release|Any CPU
		{EB58D649-9204-4CA6-A779-9929EBF7275D}.Debug|Any CPU.ActiveCfg = Debug|Any CPU
		{EB58D649-9204-4CA6-A779-9929EBF7275D}.Debug|Any CPU.Build.0 = Debug|Any CPU
		{EB58D649-9204-4CA6-A779-9929EBF7275D}.Release|Any CPU.ActiveCfg = Release|Any CPU
		{EB58D649-9204-4CA6-A779-9929EBF7275D}.Release|Any CPU.Build.0 = Release|Any CPU
		{40584E29-17B9-49C3-BCC6-AB1BE01DBE8D}.Debug|Any CPU.ActiveCfg = Debug|Any CPU
		{40584E29-17B9-49C3-BCC6-AB1BE01DBE8D}.Debug|Any CPU.Build.0 = Debug|Any CPU
		{40584E29-17B9-49C3-BCC6-AB1BE01DBE8D}.Release|Any CPU.ActiveCfg = Release|Any CPU
		{40584E29-17B9-49C3-BCC6-AB1BE01DBE8D}.Release|Any CPU.Build.0 = Release|Any CPU
		{2FE2207D-92AF-4BF2-85F7-724BE6AEC9B9}.Debug|Any CPU.ActiveCfg = Debug|Any CPU
		{2FE2207D-92AF-4BF2-85F7-724BE6AEC9B9}.Debug|Any CPU.Build.0 = Debug|Any CPU
		{2FE2207D-92AF-4BF2-85F7-724BE6AEC9B9}.Release|Any CPU.ActiveCfg = Release|Any CPU
		{2FE2207D-92AF-4BF2-85F7-724BE6AEC9B9}.Release|Any CPU.Build.0 = Release|Any CPU
		{3521C15F-4D06-4EDD-BD07-1B1442F4F1D5}.Debug|Any CPU.ActiveCfg = Debug|Any CPU
		{3521C15F-4D06-4EDD-BD07-1B1442F4F1D5}.Debug|Any CPU.Build.0 = Debug|Any CPU
		{3521C15F-4D06-4EDD-BD07-1B1442F4F1D5}.Release|Any CPU.ActiveCfg = Release|Any CPU
		{3521C15F-4D06-4EDD-BD07-1B1442F4F1D5}.Release|Any CPU.Build.0 = Release|Any CPU
		{EB01E024-E373-4564-82F6-45B2B95B93F0}.Debug|Any CPU.ActiveCfg = Debug|Any CPU
		{EB01E024-E373-4564-82F6-45B2B95B93F0}.Debug|Any CPU.Build.0 = Debug|Any CPU
		{EB01E024-E373-4564-82F6-45B2B95B93F0}.Release|Any CPU.ActiveCfg = Release|Any CPU
		{EB01E024-E373-4564-82F6-45B2B95B93F0}.Release|Any CPU.Build.0 = Release|Any CPU
	EndGlobalSection
	GlobalSection(SolutionProperties) = preSolution
		HideSolutionNode = FALSE
	EndGlobalSection
	GlobalSection(ExtensibilityGlobals) = postSolution
		SolutionGuid = {3653D420-256D-42A4-9F21-F781E6525B29}
	EndGlobalSection
EndGlobal
